
Microsoft Visual Studio Solution File, Format Version 12.00
# Visual Studio 14
VisualStudioVersion = 14.0.25420.1
MinimumVisualStudioVersion = 10.0.40219.1
Project("{FAE04EC0-301F-11D3-BF4B-00C04F79EFBC}") = "P5_2_1204003", "P5_2_1204003\P5_2_1204003.csproj", "{5F0A09C2-1F5F-4783-AC1D-E8ECA619F33F}"
EndProject
Project("{FAE04EC0-301F-11D3-BF4B-00C04F79EFBC}") = "P5_2_1204003_TestClock", "P5_2_1204003_TestClock\P5_2_1204003_TestClock.csproj", "{D9B5B0BE-0691-47D5-B23A-5A4791B6E527}"
EndProject
Global
	GlobalSection(SolutionConfigurationPlatforms) = preSolution
		Debug|Any CPU = Debug|Any CPU
		Release|Any CPU = Release|Any CPU
	EndGlobalSection
	GlobalSection(ProjectConfigurationPlatforms) = postSolution
		{5F0A09C2-1F5F-4783-AC1D-E8ECA619F33F}.Debug|Any CPU.ActiveCfg = Debug|Any CPU
		{5F0A09C2-1F5F-4783-AC1D-E8ECA619F33F}.Debug|Any CPU.Build.0 = Debug|Any CPU
		{5F0A09C2-1F5F-4783-AC1D-E8ECA619F33F}.Release|Any CPU.ActiveCfg = Release|Any CPU
		{5F0A09C2-1F5F-4783-AC1D-E8ECA619F33F}.Release|Any CPU.Build.0 = Release|Any CPU
		{D9B5B0BE-0691-47D5-B23A-5A4791B6E527}.Debug|Any CPU.ActiveCfg = Debug|Any CPU
		{D9B5B0BE-0691-47D5-B23A-5A4791B6E527}.Debug|Any CPU.Build.0 = Debug|Any CPU
		{D9B5B0BE-0691-47D5-B23A-5A4791B6E527}.Release|Any CPU.ActiveCfg = Release|Any CPU
		{D9B5B0BE-0691-47D5-B23A-5A4791B6E527}.Release|Any CPU.Build.0 = Release|Any CPU
	EndGlobalSection
	GlobalSection(SolutionProperties) = preSolution
		HideSolutionNode = FALSE
	EndGlobalSection
EndGlobal
