
Microsoft Visual Studio Solution File, Format Version 12.00
# Visual Studio 14
VisualStudioVersion = 14.0.25420.1
MinimumVisualStudioVersion = 10.0.40219.1
Project("{FAE04EC0-301F-11D3-BF4B-00C04F79EFBC}") = "P5_3_1204003", "P5_3_1204003\P5_3_1204003.csproj", "{F5A11ACA-2C05-4348-BFEB-4A0562A79175}"
EndProject
Project("{FAE04EC0-301F-11D3-BF4B-00C04F79EFBC}") = "P5_3_1204003_LATIHAN", "P5_3_1204003_LATIHAN\P5_3_1204003_LATIHAN.csproj", "{6EAB6D8A-4C57-45CB-A3D0-7DA5ABEF56FA}"
EndProject
Global
	GlobalSection(SolutionConfigurationPlatforms) = preSolution
		Debug|Any CPU = Debug|Any CPU
		Release|Any CPU = Release|Any CPU
	EndGlobalSection
	GlobalSection(ProjectConfigurationPlatforms) = postSolution
		{F5A11ACA-2C05-4348-BFEB-4A0562A79175}.Debug|Any CPU.ActiveCfg = Debug|Any CPU
		{F5A11ACA-2C05-4348-BFEB-4A0562A79175}.Debug|Any CPU.Build.0 = Debug|Any CPU
		{F5A11ACA-2C05-4348-BFEB-4A0562A79175}.Release|Any CPU.ActiveCfg = Release|Any CPU
		{F5A11ACA-2C05-4348-BFEB-4A0562A79175}.Release|Any CPU.Build.0 = Release|Any CPU
		{6EAB6D8A-4C57-45CB-A3D0-7DA5ABEF56FA}.Debug|Any CPU.ActiveCfg = Debug|Any CPU
		{6EAB6D8A-4C57-45CB-A3D0-7DA5ABEF56FA}.Debug|Any CPU.Build.0 = Debug|Any CPU
		{6EAB6D8A-4C57-45CB-A3D0-7DA5ABEF56FA}.Release|Any CPU.ActiveCfg = Release|Any CPU
		{6EAB6D8A-4C57-45CB-A3D0-7DA5ABEF56FA}.Release|Any CPU.Build.0 = Release|Any CPU
	EndGlobalSection
	GlobalSection(SolutionProperties) = preSolution
		HideSolutionNode = FALSE
	EndGlobalSection
EndGlobal
